
Microsoft Visual Studio Solution File, Format Version 12.00
# Visual Studio Version 17
VisualStudioVersion = 17.11.35327.3
MinimumVisualStudioVersion = 10.0.40219.1
Project("{8BC9CEB8-8B4A-11D0-8D11-00A0C91BC942}") = "Neagu_Madalina_ActivitateSD2025", "Neagu_Madalina_ActivitateSD2025\Neagu_Madalina_ActivitateSD2025.vcxproj", "{D4F08060-64DE-43D0-B2E2-503918C7EAC6}"
EndProject
Global
	GlobalSection(SolutionConfigurationPlatforms) = preSolution
		Debug|x64 = Debug|x64
		Debug|x86 = Debug|x86
		Release|x64 = Release|x64
		Release|x86 = Release|x86
	EndGlobalSection
	GlobalSection(ProjectConfigurationPlatforms) = postSolution
		{D4F08060-64DE-43D0-B2E2-503918C7EAC6}.Debug|x64.ActiveCfg = Debug|x64
		{D4F08060-64DE-43D0-B2E2-503918C7EAC6}.Debug|x64.Build.0 = Debug|x64
		{D4F08060-64DE-43D0-B2E2-503918C7EAC6}.Debug|x86.ActiveCfg = Debug|Win32
		{D4F08060-64DE-43D0-B2E2-503918C7EAC6}.Debug|x86.Build.0 = Debug|Win32
		{D4F08060-64DE-43D0-B2E2-503918C7EAC6}.Release|x64.ActiveCfg = Release|x64
		{D4F08060-64DE-43D0-B2E2-503918C7EAC6}.Release|x64.Build.0 = Release|x64
		{D4F08060-64DE-43D0-B2E2-503918C7EAC6}.Release|x86.ActiveCfg = Release|Win32
		{D4F08060-64DE-43D0-B2E2-503918C7EAC6}.Release|x86.Build.0 = Release|Win32
	EndGlobalSection
	GlobalSection(SolutionProperties) = preSolution
		HideSolutionNode = FALSE
	EndGlobalSection
	GlobalSection(ExtensibilityGlobals) = postSolution
		SolutionGuid = {120F8A9D-5F90-42D4-A5F1-7CCEC24753FD}
	EndGlobalSection
EndGlobal
